
Microsoft Visual Studio Solution File, Format Version 12.00
# Visual Studio Version 16
VisualStudioVersion = 16.0.809.10
MinimumVisualStudioVersion = 10.0.40219.1
Project("{FAE04EC0-301F-11D3-BF4B-00C04F79EFBC}") = "MyScriptureJournal", "MyScriptureJournal.csproj", "{06866AF4-8BD3-4BD6-B83F-B171CE4BC9DB}"
EndProject
Global
	GlobalSection(SolutionConfigurationPlatforms) = preSolution
		Debug|Any CPU = Debug|Any CPU
		Release|Any CPU = Release|Any CPU
	EndGlobalSection
	GlobalSection(ProjectConfigurationPlatforms) = postSolution
		{06866AF4-8BD3-4BD6-B83F-B171CE4BC9DB}.Debug|Any CPU.ActiveCfg = Debug|Any CPU
		{06866AF4-8BD3-4BD6-B83F-B171CE4BC9DB}.Debug|Any CPU.Build.0 = Debug|Any CPU
		{06866AF4-8BD3-4BD6-B83F-B171CE4BC9DB}.Release|Any CPU.ActiveCfg = Release|Any CPU
		{06866AF4-8BD3-4BD6-B83F-B171CE4BC9DB}.Release|Any CPU.Build.0 = Release|Any CPU
	EndGlobalSection
	GlobalSection(SolutionProperties) = preSolution
		HideSolutionNode = FALSE
	EndGlobalSection
	GlobalSection(ExtensibilityGlobals) = postSolution
		SolutionGuid = {15E65570-97A7-422F-9CE8-B0C522728304}
	EndGlobalSection
EndGlobal
